// !$*UTF8*$!
{
	archiveVersion = 1;
	classes = {
	};
	objectVersion = 50;
	objects = {

/* Begin PBXBuildFile section */
		25E78F02221ACF3F0023F9C4 /* AppDelegate.swift in Sources */ = {isa = PBXBuildFile; fileRef = 25E78F01221ACF3F0023F9C4 /* AppDelegate.swift */; };
		25E78F04221ACF3F0023F9C4 /* LoginViewController.swift in Sources */ = {isa = PBXBuildFile; fileRef = 25E78F03221ACF3F0023F9C4 /* LoginViewController.swift */; };
		25E78F07221ACF3F0023F9C4 /* Main.storyboard in Resources */ = {isa = PBXBuildFile; fileRef = 25E78F05221ACF3F0023F9C4 /* Main.storyboard */; };
		25E78F09221ACF410023F9C4 /* Assets.xcassets in Resources */ = {isa = PBXBuildFile; fileRef = 25E78F08221ACF410023F9C4 /* Assets.xcassets */; };
		25E78F0C221ACF410023F9C4 /* LaunchScreen.storyboard in Resources */ = {isa = PBXBuildFile; fileRef = 25E78F0A221ACF410023F9C4 /* LaunchScreen.storyboard */; };
		874F74EF223F0AC8003E5B3E /* StudentsTabBarController.swift in Sources */ = {isa = PBXBuildFile; fileRef = 874F74EE223F0AC8003E5B3E /* StudentsTabBarController.swift */; };
		8758561D223FBB8500AE1CE1 /* AddLocationViewController.swift in Sources */ = {isa = PBXBuildFile; fileRef = 8758561C223FBB8500AE1CE1 /* AddLocationViewController.swift */; };
		87585620223FBFFB00AE1CE1 /* LocationDetailsViewController.swift in Sources */ = {isa = PBXBuildFile; fileRef = 8758561F223FBFFB00AE1CE1 /* LocationDetailsViewController.swift */; };
		875CCA2A22431B36005D9010 /* ParseApiProtocol.swift in Sources */ = {isa = PBXBuildFile; fileRef = 875CCA2922431B36005D9010 /* ParseApiProtocol.swift */; };
		875CCA2C22431C3D005D9010 /* UdacityApiProtocol.swift in Sources */ = {isa = PBXBuildFile; fileRef = 875CCA2B22431C3D005D9010 /* UdacityApiProtocol.swift */; };
		875CCA2E22431D22005D9010 /* Session.swift in Sources */ = {isa = PBXBuildFile; fileRef = 875CCA2D22431D22005D9010 /* Session.swift */; };
		875CCA3022431D8D005D9010 /* UdacityApiClient.swift in Sources */ = {isa = PBXBuildFile; fileRef = 875CCA2F22431D8D005D9010 /* UdacityApiClient.swift */; };
		875CCA3222431DD8005D9010 /* ApiClient.swift in Sources */ = {isa = PBXBuildFile; fileRef = 875CCA3122431DD8005D9010 /* ApiClient.swift */; };
		875CCA34224322C2005D9010 /* User.swift in Sources */ = {isa = PBXBuildFile; fileRef = 875CCA33224322C2005D9010 /* User.swift */; };
		875CCA362243235E005D9010 /* Account.swift in Sources */ = {isa = PBXBuildFile; fileRef = 875CCA352243235E005D9010 /* Account.swift */; };
		875CCA38224326E2005D9010 /* ParseApiClient.swift in Sources */ = {isa = PBXBuildFile; fileRef = 875CCA37224326E2005D9010 /* ParseApiClient.swift */; };
		877E12CE2224127E00ABC961 /* GCDBlackBox.swift in Sources */ = {isa = PBXBuildFile; fileRef = 877E12CD2224127D00ABC961 /* GCDBlackBox.swift */; };
		879CB9C3223D3C4100C85591 /* StudentAnnotation.swift in Sources */ = {isa = PBXBuildFile; fileRef = 879CB9C2223D3C4100C85591 /* StudentAnnotation.swift */; };
		879CB9C5223D79B300C85591 /* AnnotationTapRecognizer.swift in Sources */ = {isa = PBXBuildFile; fileRef = 879CB9C4223D79B300C85591 /* AnnotationTapRecognizer.swift */; };
		879CB9C7223DA2E400C85591 /* Model.swift in Sources */ = {isa = PBXBuildFile; fileRef = 879CB9C6223DA2E400C85591 /* Model.swift */; };
		879CB9C9223DA4EA00C85591 /* UIViewController.swift in Sources */ = {isa = PBXBuildFile; fileRef = 879CB9C8223DA4EA00C85591 /* UIViewController.swift */; };
		87CB281F2221AB7F00807829 /* StudentsMapViewController.swift in Sources */ = {isa = PBXBuildFile; fileRef = 87CB281E2221AB7F00807829 /* StudentsMapViewController.swift */; };
		87CB28212221ABA800807829 /* StudentsTableViewController.swift in Sources */ = {isa = PBXBuildFile; fileRef = 87CB28202221ABA800807829 /* StudentsTableViewController.swift */; };
		87DB0A592222068300706963 /* StudentInformation.swift in Sources */ = {isa = PBXBuildFile; fileRef = 87DB0A582222068300706963 /* StudentInformation.swift */; };
/* End PBXBuildFile section */

/* Begin PBXFileReference section */
		25E78EFE221ACF3F0023F9C4 /* OnTheMap.app */ = {isa = PBXFileReference; explicitFileType = wrapper.application; includeInIndex = 0; path = OnTheMap.app; sourceTree = BUILT_PRODUCTS_DIR; };
		25E78F01221ACF3F0023F9C4 /* AppDelegate.swift */ = {isa = PBXFileReference; lastKnownFileType = sourcecode.swift; path = AppDelegate.swift; sourceTree = "<group>"; };
		25E78F03221ACF3F0023F9C4 /* LoginViewController.swift */ = {isa = PBXFileReference; lastKnownFileType = sourcecode.swift; path = LoginViewController.swift; sourceTree = "<group>"; };
		25E78F06221ACF3F0023F9C4 /* Base */ = {isa = PBXFileReference; lastKnownFileType = file.storyboard; name = Base; path = Base.lproj/Main.storyboard; sourceTree = "<group>"; };
		25E78F08221ACF410023F9C4 /* Assets.xcassets */ = {isa = PBXFileReference; lastKnownFileType = folder.assetcatalog; path = Assets.xcassets; sourceTree = "<group>"; };
		25E78F0B221ACF410023F9C4 /* Base */ = {isa = PBXFileReference; lastKnownFileType = file.storyboard; name = Base; path = Base.lproj/LaunchScreen.storyboard; sourceTree = "<group>"; };
		25E78F0D221ACF410023F9C4 /* Info.plist */ = {isa = PBXFileReference; lastKnownFileType = text.plist.xml; path = Info.plist; sourceTree = "<group>"; };
		874F74EE223F0AC8003E5B3E /* StudentsTabBarController.swift */ = {isa = PBXFileReference; lastKnownFileType = sourcecode.swift; path = StudentsTabBarController.swift; sourceTree = "<group>"; };
		8758561C223FBB8500AE1CE1 /* AddLocationViewController.swift */ = {isa = PBXFileReference; lastKnownFileType = sourcecode.swift; path = AddLocationViewController.swift; sourceTree = "<group>"; };
		8758561F223FBFFB00AE1CE1 /* LocationDetailsViewController.swift */ = {isa = PBXFileReference; lastKnownFileType = sourcecode.swift; path = LocationDetailsViewController.swift; sourceTree = "<group>"; };
		875CCA2922431B36005D9010 /* ParseApiProtocol.swift */ = {isa = PBXFileReference; lastKnownFileType = sourcecode.swift; path = ParseApiProtocol.swift; sourceTree = "<group>"; };
		875CCA2B22431C3D005D9010 /* UdacityApiProtocol.swift */ = {isa = PBXFileReference; lastKnownFileType = sourcecode.swift; path = UdacityApiProtocol.swift; sourceTree = "<group>"; };
		875CCA2D22431D22005D9010 /* Session.swift */ = {isa = PBXFileReference; lastKnownFileType = sourcecode.swift; path = Session.swift; sourceTree = "<group>"; };
		875CCA2F22431D8D005D9010 /* UdacityApiClient.swift */ = {isa = PBXFileReference; lastKnownFileType = sourcecode.swift; path = UdacityApiClient.swift; sourceTree = "<group>"; };
		875CCA3122431DD8005D9010 /* ApiClient.swift */ = {isa = PBXFileReference; lastKnownFileType = sourcecode.swift; path = ApiClient.swift; sourceTree = "<group>"; };
		875CCA33224322C2005D9010 /* User.swift */ = {isa = PBXFileReference; lastKnownFileType = sourcecode.swift; path = User.swift; sourceTree = "<group>"; };
		875CCA352243235E005D9010 /* Account.swift */ = {isa = PBXFileReference; lastKnownFileType = sourcecode.swift; path = Account.swift; sourceTree = "<group>"; };
		875CCA37224326E2005D9010 /* ParseApiClient.swift */ = {isa = PBXFileReference; lastKnownFileType = sourcecode.swift; path = ParseApiClient.swift; sourceTree = "<group>"; };
		877E12CD2224127D00ABC961 /* GCDBlackBox.swift */ = {isa = PBXFileReference; lastKnownFileType = sourcecode.swift; path = GCDBlackBox.swift; sourceTree = "<group>"; };
		879CB9C2223D3C4100C85591 /* StudentAnnotation.swift */ = {isa = PBXFileReference; lastKnownFileType = sourcecode.swift; path = StudentAnnotation.swift; sourceTree = "<group>"; };
		879CB9C4223D79B300C85591 /* AnnotationTapRecognizer.swift */ = {isa = PBXFileReference; lastKnownFileType = sourcecode.swift; path = AnnotationTapRecognizer.swift; sourceTree = "<group>"; };
		879CB9C6223DA2E400C85591 /* Model.swift */ = {isa = PBXFileReference; lastKnownFileType = sourcecode.swift; path = Model.swift; sourceTree = "<group>"; };
		879CB9C8223DA4EA00C85591 /* UIViewController.swift */ = {isa = PBXFileReference; lastKnownFileType = sourcecode.swift; path = UIViewController.swift; sourceTree = "<group>"; };
		87CB281E2221AB7F00807829 /* StudentsMapViewController.swift */ = {isa = PBXFileReference; lastKnownFileType = sourcecode.swift; path = StudentsMapViewController.swift; sourceTree = "<group>"; };
		87CB28202221ABA800807829 /* StudentsTableViewController.swift */ = {isa = PBXFileReference; lastKnownFileType = sourcecode.swift; path = StudentsTableViewController.swift; sourceTree = "<group>"; };
		87DB0A582222068300706963 /* StudentInformation.swift */ = {isa = PBXFileReference; lastKnownFileType = sourcecode.swift; path = StudentInformation.swift; sourceTree = "<group>"; };
/* End PBXFileReference section */

/* Begin PBXFrameworksBuildPhase section */
		25E78EFB221ACF3F0023F9C4 /* Frameworks */ = {
			isa = PBXFrameworksBuildPhase;
			buildActionMask = 2147483647;
			files = (
			);
			runOnlyForDeploymentPostprocessing = 0;
		};
/* End PBXFrameworksBuildPhase section */

/* Begin PBXGroup section */
		25E78EF5221ACF3F0023F9C4 = {
			isa = PBXGroup;
			children = (
				25E78F00221ACF3F0023F9C4 /* OnTheMap */,
				25E78EFF221ACF3F0023F9C4 /* Products */,
			);
			sourceTree = "<group>";
		};
		25E78EFF221ACF3F0023F9C4 /* Products */ = {
			isa = PBXGroup;
			children = (
				25E78EFE221ACF3F0023F9C4 /* OnTheMap.app */,
			);
			name = Products;
			sourceTree = "<group>";
		};
		25E78F00221ACF3F0023F9C4 /* OnTheMap */ = {
			isa = PBXGroup;
			children = (
				87DB0A5A222207D800706963 /* Controllers */,
				87161B57224A8541001DA623 /* Extensions */,
				87DB0A57222205DF00706963 /* Models */,
				875CCA2622431997005D9010 /* Network */,
				87161B58224A85A1001DA623 /* Resources */,
				8758561E223FBBCE00AE1CE1 /* Storyboards */,
				87161B59224A85F8001DA623 /* Utilities */,
				25E78F01221ACF3F0023F9C4 /* AppDelegate.swift */,
			);
			path = OnTheMap;
			sourceTree = "<group>";
		};
		87161B57224A8541001DA623 /* Extensions */ = {
			isa = PBXGroup;
			children = (
				879CB9C8223DA4EA00C85591 /* UIViewController.swift */,
			);
			path = Extensions;
			sourceTree = "<group>";
		};
		87161B58224A85A1001DA623 /* Resources */ = {
			isa = PBXGroup;
			children = (
				25E78F08221ACF410023F9C4 /* Assets.xcassets */,
				25E78F0D221ACF410023F9C4 /* Info.plist */,
			);
			path = Resources;
			sourceTree = "<group>";
		};
		87161B59224A85F8001DA623 /* Utilities */ = {
			isa = PBXGroup;
			children = (
				877E12CD2224127D00ABC961 /* GCDBlackBox.swift */,
			);
			path = Utilities;
			sourceTree = "<group>";
		};
		8758561E223FBBCE00AE1CE1 /* Storyboards */ = {
			isa = PBXGroup;
			children = (
				25E78F0A221ACF410023F9C4 /* LaunchScreen.storyboard */,
				25E78F05221ACF3F0023F9C4 /* Main.storyboard */,
			);
			path = Storyboards;
			sourceTree = "<group>";
		};
		875CCA2622431997005D9010 /* Network */ = {
			isa = PBXGroup;
			children = (
				875CCA3122431DD8005D9010 /* ApiClient.swift */,
				875CCA2822431AFB005D9010 /* ParseAPI */,
				875CCA2722431AF1005D9010 /* UdacityAPI */,
			);
			path = Network;
			sourceTree = "<group>";
		};
		875CCA2722431AF1005D9010 /* UdacityAPI */ = {
			isa = PBXGroup;
			children = (
				875CCA2B22431C3D005D9010 /* UdacityApiProtocol.swift */,
				875CCA2F22431D8D005D9010 /* UdacityApiClient.swift */,
			);
			path = UdacityAPI;
			sourceTree = "<group>";
		};
		875CCA2822431AFB005D9010 /* ParseAPI */ = {
			isa = PBXGroup;
			children = (
				875CCA2922431B36005D9010 /* ParseApiProtocol.swift */,
				875CCA37224326E2005D9010 /* ParseApiClient.swift */,
			);
			path = ParseAPI;
			sourceTree = "<group>";
		};
		87DB0A57222205DF00706963 /* Models */ = {
			isa = PBXGroup;
			children = (
				879CB9C2223D3C4100C85591 /* StudentAnnotation.swift */,
				87DB0A582222068300706963 /* StudentInformation.swift */,
				879CB9C6223DA2E400C85591 /* Model.swift */,
				875CCA2D22431D22005D9010 /* Session.swift */,
				875CCA33224322C2005D9010 /* User.swift */,
				875CCA352243235E005D9010 /* Account.swift */,
			);
			path = Models;
			sourceTree = "<group>";
		};
		87DB0A5A222207D800706963 /* Controllers */ = {
			isa = PBXGroup;
			children = (
				25E78F03221ACF3F0023F9C4 /* LoginViewController.swift */,
				874F74EE223F0AC8003E5B3E /* StudentsTabBarController.swift */,
				87CB28202221ABA800807829 /* StudentsTableViewController.swift */,
				87CB281E2221AB7F00807829 /* StudentsMapViewController.swift */,
				8758561C223FBB8500AE1CE1 /* AddLocationViewController.swift */,
				8758561F223FBFFB00AE1CE1 /* LocationDetailsViewController.swift */,
				879CB9C4223D79B300C85591 /* AnnotationTapRecognizer.swift */,
			);
			path = Controllers;
			sourceTree = "<group>";
		};
/* End PBXGroup section */

/* Begin PBXNativeTarget section */
		25E78EFD221ACF3F0023F9C4 /* OnTheMap */ = {
			isa = PBXNativeTarget;
			buildConfigurationList = 25E78F10221ACF410023F9C4 /* Build configuration list for PBXNativeTarget "OnTheMap" */;
			buildPhases = (
				25E78EFA221ACF3F0023F9C4 /* Sources */,
				25E78EFB221ACF3F0023F9C4 /* Frameworks */,
				25E78EFC221ACF3F0023F9C4 /* Resources */,
			);
			buildRules = (
			);
			dependencies = (
			);
			name = OnTheMap;
			productName = OnTheMap;
			productReference = 25E78EFE221ACF3F0023F9C4 /* OnTheMap.app */;
			productType = "com.apple.product-type.application";
		};
/* End PBXNativeTarget section */

/* Begin PBXProject section */
		25E78EF6221ACF3F0023F9C4 /* Project object */ = {
			isa = PBXProject;
			attributes = {
				LastSwiftUpdateCheck = 1010;
				LastUpgradeCheck = 1010;
				ORGANIZATIONNAME = "José Naves Moura Neto";
				TargetAttributes = {
					25E78EFD221ACF3F0023F9C4 = {
						CreatedOnToolsVersion = 10.1;
					};
				};
			};
			buildConfigurationList = 25E78EF9221ACF3F0023F9C4 /* Build configuration list for PBXProject "OnTheMap" */;
			compatibilityVersion = "Xcode 9.3";
			developmentRegion = en;
			hasScannedForEncodings = 0;
			knownRegions = (
				en,
				Base,
			);
			mainGroup = 25E78EF5221ACF3F0023F9C4;
			productRefGroup = 25E78EFF221ACF3F0023F9C4 /* Products */;
			projectDirPath = "";
			projectRoot = "";
			targets = (
				25E78EFD221ACF3F0023F9C4 /* OnTheMap */,
			);
		};
/* End PBXProject section */

/* Begin PBXResourcesBuildPhase section */
		25E78EFC221ACF3F0023F9C4 /* Resources */ = {
			isa = PBXResourcesBuildPhase;
			buildActionMask = 2147483647;
			files = (
				25E78F0C221ACF410023F9C4 /* LaunchScreen.storyboard in Resources */,
				25E78F09221ACF410023F9C4 /* Assets.xcassets in Resources */,
				25E78F07221ACF3F0023F9C4 /* Main.storyboard in Resources */,
			);
			runOnlyForDeploymentPostprocessing = 0;
		};
/* End PBXResourcesBuildPhase section */

/* Begin PBXSourcesBuildPhase section */
		25E78EFA221ACF3F0023F9C4 /* Sources */ = {
			isa = PBXSourcesBuildPhase;
			buildActionMask = 2147483647;
			files = (
				875CCA2E22431D22005D9010 /* Session.swift in Sources */,
				875CCA3222431DD8005D9010 /* ApiClient.swift in Sources */,
				875CCA2A22431B36005D9010 /* ParseApiProtocol.swift in Sources */,
				25E78F04221ACF3F0023F9C4 /* LoginViewController.swift in Sources */,
				87CB281F2221AB7F00807829 /* StudentsMapViewController.swift in Sources */,
				875CCA362243235E005D9010 /* Account.swift in Sources */,
				25E78F02221ACF3F0023F9C4 /* AppDelegate.swift in Sources */,
				874F74EF223F0AC8003E5B3E /* StudentsTabBarController.swift in Sources */,
				87585620223FBFFB00AE1CE1 /* LocationDetailsViewController.swift in Sources */,
				879CB9C7223DA2E400C85591 /* Model.swift in Sources */,
				875CCA38224326E2005D9010 /* ParseApiClient.swift in Sources */,
				87DB0A592222068300706963 /* StudentInformation.swift in Sources */,
				879CB9C3223D3C4100C85591 /* StudentAnnotation.swift in Sources */,
				877E12CE2224127E00ABC961 /* GCDBlackBox.swift in Sources */,
				879CB9C9223DA4EA00C85591 /* UIViewController.swift in Sources */,
				87CB28212221ABA800807829 /* StudentsTableViewController.swift in Sources */,
				8758561D223FBB8500AE1CE1 /* AddLocationViewController.swift in Sources */,
				875CCA2C22431C3D005D9010 /* UdacityApiProtocol.swift in Sources */,
				875CCA3022431D8D005D9010 /* UdacityApiClient.swift in Sources */,
				879CB9C5223D79B300C85591 /* AnnotationTapRecognizer.swift in Sources */,
				875CCA34224322C2005D9010 /* User.swift in Sources */,
			);
			runOnlyForDeploymentPostprocessing = 0;
		};
/* End PBXSourcesBuildPhase section */

/* Begin PBXVariantGroup section */
		25E78F05221ACF3F0023F9C4 /* Main.storyboard */ = {
			isa = PBXVariantGroup;
			children = (
				25E78F06221ACF3F0023F9C4 /* Base */,
			);
			name = Main.storyboard;
			sourceTree = "<group>";
		};
		25E78F0A221ACF410023F9C4 /* LaunchScreen.storyboard */ = {
			isa = PBXVariantGroup;
			children = (
				25E78F0B221ACF410023F9C4 /* Base */,
			);
			name = LaunchScreen.storyboard;
			sourceTree = "<group>";
		};
/* End PBXVariantGroup section */

/* Begin XCBuildConfiguration section */
		25E78F0E221ACF410023F9C4 /* Debug */ = {
			isa = XCBuildConfiguration;
			buildSettings = {
				ALWAYS_SEARCH_USER_PATHS = NO;
				CLANG_ANALYZER_NONNULL = YES;
				CLANG_ANALYZER_NUMBER_OBJECT_CONVERSION = YES_AGGRESSIVE;
				CLANG_CXX_LANGUAGE_STANDARD = "gnu++14";
				CLANG_CXX_LIBRARY = "libc++";
				CLANG_ENABLE_MODULES = YES;
				CLANG_ENABLE_OBJC_ARC = YES;
				CLANG_ENABLE_OBJC_WEAK = YES;
				CLANG_WARN_BLOCK_CAPTURE_AUTORELEASING = YES;
				CLANG_WARN_BOOL_CONVERSION = YES;
				CLANG_WARN_COMMA = YES;
				CLANG_WARN_CONSTANT_CONVERSION = YES;
				CLANG_WARN_DEPRECATED_OBJC_IMPLEMENTATIONS = YES;
				CLANG_WARN_DIRECT_OBJC_ISA_USAGE = YES_ERROR;
				CLANG_WARN_DOCUMENTATION_COMMENTS = YES;
				CLANG_WARN_EMPTY_BODY = YES;
				CLANG_WARN_ENUM_CONVERSION = YES;
				CLANG_WARN_INFINITE_RECURSION = YES;
				CLANG_WARN_INT_CONVERSION = YES;
				CLANG_WARN_NON_LITERAL_NULL_CONVERSION = YES;
				CLANG_WARN_OBJC_IMPLICIT_RETAIN_SELF = YES;
				CLANG_WARN_OBJC_LITERAL_CONVERSION = YES;
				CLANG_WARN_OBJC_ROOT_CLASS = YES_ERROR;
				CLANG_WARN_RANGE_LOOP_ANALYSIS = YES;
				CLANG_WARN_STRICT_PROTOTYPES = YES;
				CLANG_WARN_SUSPICIOUS_MOVE = YES;
				CLANG_WARN_UNGUARDED_AVAILABILITY = YES_AGGRESSIVE;
				CLANG_WARN_UNREACHABLE_CODE = YES;
				CLANG_WARN__DUPLICATE_METHOD_MATCH = YES;
				CODE_SIGN_IDENTITY = "iPhone Developer";
				COPY_PHASE_STRIP = NO;
				DEBUG_INFORMATION_FORMAT = dwarf;
				ENABLE_STRICT_OBJC_MSGSEND = YES;
				ENABLE_TESTABILITY = YES;
				GCC_C_LANGUAGE_STANDARD = gnu11;
				GCC_DYNAMIC_NO_PIC = NO;
				GCC_NO_COMMON_BLOCKS = YES;
				GCC_OPTIMIZATION_LEVEL = 0;
				GCC_PREPROCESSOR_DEFINITIONS = (
					"DEBUG=1",
					"$(inherited)",
				);
				GCC_WARN_64_TO_32_BIT_CONVERSION = YES;
				GCC_WARN_ABOUT_RETURN_TYPE = YES_ERROR;
				GCC_WARN_UNDECLARED_SELECTOR = YES;
				GCC_WARN_UNINITIALIZED_AUTOS = YES_AGGRESSIVE;
				GCC_WARN_UNUSED_FUNCTION = YES;
				GCC_WARN_UNUSED_VARIABLE = YES;
				IPHONEOS_DEPLOYMENT_TARGET = 12.1;
				MTL_ENABLE_DEBUG_INFO = INCLUDE_SOURCE;
				MTL_FAST_MATH = YES;
				ONLY_ACTIVE_ARCH = YES;
				SDKROOT = iphoneos;
				SWIFT_ACTIVE_COMPILATION_CONDITIONS = DEBUG;
				SWIFT_OPTIMIZATION_LEVEL = "-Onone";
			};
			name = Debug;
		};
		25E78F0F221ACF410023F9C4 /* Release */ = {
			isa = XCBuildConfiguration;
			buildSettings = {
				ALWAYS_SEARCH_USER_PATHS = NO;
				CLANG_ANALYZER_NONNULL = YES;
				CLANG_ANALYZER_NUMBER_OBJECT_CONVERSION = YES_AGGRESSIVE;
				CLANG_CXX_LANGUAGE_STANDARD = "gnu++14";
				CLANG_CXX_LIBRARY = "libc++";
				CLANG_ENABLE_MODULES = YES;
				CLANG_ENABLE_OBJC_ARC = YES;
				CLANG_ENABLE_OBJC_WEAK = YES;
				CLANG_WARN_BLOCK_CAPTURE_AUTORELEASING = YES;
				CLANG_WARN_BOOL_CONVERSION = YES;
				CLANG_WARN_COMMA = YES;
				CLANG_WARN_CONSTANT_CONVERSION = YES;
				CLANG_WARN_DEPRECATED_OBJC_IMPLEMENTATIONS = YES;
				CLANG_WARN_DIRECT_OBJC_ISA_USAGE = YES_ERROR;
				CLANG_WARN_DOCUMENTATION_COMMENTS = YES;
				CLANG_WARN_EMPTY_BODY = YES;
				CLANG_WARN_ENUM_CONVERSION = YES;
				CLANG_WARN_INFINITE_RECURSION = YES;
				CLANG_WARN_INT_CONVERSION = YES;
				CLANG_WARN_NON_LITERAL_NULL_CONVERSION = YES;
				CLANG_WARN_OBJC_IMPLICIT_RETAIN_SELF = YES;
				CLANG_WARN_OBJC_LITERAL_CONVERSION = YES;
				CLANG_WARN_OBJC_ROOT_CLASS = YES_ERROR;
				CLANG_WARN_RANGE_LOOP_ANALYSIS = YES;
				CLANG_WARN_STRICT_PROTOTYPES = YES;
				CLANG_WARN_SUSPICIOUS_MOVE = YES;
				CLANG_WARN_UNGUARDED_AVAILABILITY = YES_AGGRESSIVE;
				CLANG_WARN_UNREACHABLE_CODE = YES;
				CLANG_WARN__DUPLICATE_METHOD_MATCH = YES;
				CODE_SIGN_IDENTITY = "iPhone Developer";
				COPY_PHASE_STRIP = NO;
				DEBUG_INFORMATION_FORMAT = "dwarf-with-dsym";
				ENABLE_NS_ASSERTIONS = NO;
				ENABLE_STRICT_OBJC_MSGSEND = YES;
				GCC_C_LANGUAGE_STANDARD = gnu11;
				GCC_NO_COMMON_BLOCKS = YES;
				GCC_WARN_64_TO_32_BIT_CONVERSION = YES;
				GCC_WARN_ABOUT_RETURN_TYPE = YES_ERROR;
				GCC_WARN_UNDECLARED_SELECTOR = YES;
				GCC_WARN_UNINITIALIZED_AUTOS = YES_AGGRESSIVE;
				GCC_WARN_UNUSED_FUNCTION = YES;
				GCC_WARN_UNUSED_VARIABLE = YES;
				IPHONEOS_DEPLOYMENT_TARGET = 12.1;
				MTL_ENABLE_DEBUG_INFO = NO;
				MTL_FAST_MATH = YES;
				SDKROOT = iphoneos;
				SWIFT_COMPILATION_MODE = wholemodule;
				SWIFT_OPTIMIZATION_LEVEL = "-O";
				VALIDATE_PRODUCT = YES;
			};
			name = Release;
		};
		25E78F11221ACF410023F9C4 /* Debug */ = {
			isa = XCBuildConfiguration;
			buildSettings = {
				ASSETCATALOG_COMPILER_APPICON_NAME = AppIcon;
				CODE_SIGN_STYLE = Automatic;
				DEVELOPMENT_TEAM = 8K8L59XB48;
				INFOPLIST_FILE = "$(SRCROOT)/OnTheMap/Resources/Info.plist";
				LD_RUNPATH_SEARCH_PATHS = (
					"$(inherited)",
					"@executable_path/Frameworks",
				);
				PRODUCT_BUNDLE_IDENTIFIER = com.josenaves.OnTheMap;
				PRODUCT_NAME = "$(TARGET_NAME)";
				SWIFT_VERSION = 4.2;
				TARGETED_DEVICE_FAMILY = "1,2";
			};
			name = Debug;
		};
		25E78F12221ACF410023F9C4 /* Release */ = {
			isa = XCBuildConfiguration;
			buildSettings = {
				ASSETCATALOG_COMPILER_APPICON_NAME = AppIcon;
				CODE_SIGN_STYLE = Automatic;
				DEVELOPMENT_TEAM = 8K8L59XB48;
				INFOPLIST_FILE = "$(SRCROOT)/OnTheMap/Resources/Info.plist";
				LD_RUNPATH_SEARCH_PATHS = (
					"$(inherited)",
					"@executable_path/Frameworks",
				);
				PRODUCT_BUNDLE_IDENTIFIER = com.josenaves.OnTheMap;
				PRODUCT_NAME = "$(TARGET_NAME)";
				SWIFT_VERSION = 4.2;
				TARGETED_DEVICE_FAMILY = "1,2";
			};
			name = Release;
		};
/* End XCBuildConfiguration section */

/* Begin XCConfigurationList section */
		25E78EF9221ACF3F0023F9C4 /* Build configuration list for PBXProject "OnTheMap" */ = {
			isa = XCConfigurationList;
			buildConfigurations = (
				25E78F0E221ACF410023F9C4 /* Debug */,
				25E78F0F221ACF410023F9C4 /* Release */,
			);
			defaultConfigurationIsVisible = 0;
			defaultConfigurationName = Release;
		};
		25E78F10221ACF410023F9C4 /* Build configuration list for PBXNativeTarget "OnTheMap" */ = {
			isa = XCConfigurationList;
			buildConfigurations = (
				25E78F11221ACF410023F9C4 /* Debug */,
				25E78F12221ACF410023F9C4 /* Release */,
			);
			defaultConfigurationIsVisible = 0;
			defaultConfigurationName = Release;
		};
/* End XCConfigurationList section */
	};
	rootObject = 25E78EF6221ACF3F0023F9C4 /* Project object */;
}
